
Microsoft Visual Studio Solution File, Format Version 12.00
# Visual Studio Version 16
VisualStudioVersion = 16.0.30907.101
MinimumVisualStudioVersion = 10.0.40219.1
Project("{9A19103F-16F7-4668-BE54-9A1E7A4F7556}") = "Nullkooland.Client", "src\Nullkooland.Client\Nullkooland.Client.csproj", "{AC1C6795-DCAE-4472-8B2F-C0AB088C04A5}"
EndProject
Project("{FAE04EC0-301F-11D3-BF4B-00C04F79EFBC}") = "Nullkooland.Shared", "src\Nullkooland.Shared\Nullkooland.Shared.csproj", "{FC63233B-3032-4556-9A55-D2BBB43CD5A5}"
EndProject
Global
	GlobalSection(SolutionConfigurationPlatforms) = preSolution
		Debug|Any CPU = Debug|Any CPU
		Release|Any CPU = Release|Any CPU
	EndGlobalSection
	GlobalSection(ProjectConfigurationPlatforms) = postSolution
		{AC1C6795-DCAE-4472-8B2F-C0AB088C04A5}.Debug|Any CPU.ActiveCfg = Debug|Any CPU
		{AC1C6795-DCAE-4472-8B2F-C0AB088C04A5}.Debug|Any CPU.Build.0 = Debug|Any CPU
		{AC1C6795-DCAE-4472-8B2F-C0AB088C04A5}.Release|Any CPU.ActiveCfg = Release|Any CPU
		{AC1C6795-DCAE-4472-8B2F-C0AB088C04A5}.Release|Any CPU.Build.0 = Release|Any CPU
		{FC63233B-3032-4556-9A55-D2BBB43CD5A5}.Debug|Any CPU.ActiveCfg = Debug|Any CPU
		{FC63233B-3032-4556-9A55-D2BBB43CD5A5}.Debug|Any CPU.Build.0 = Debug|Any CPU
		{FC63233B-3032-4556-9A55-D2BBB43CD5A5}.Release|Any CPU.ActiveCfg = Release|Any CPU
		{FC63233B-3032-4556-9A55-D2BBB43CD5A5}.Release|Any CPU.Build.0 = Release|Any CPU
	EndGlobalSection
	GlobalSection(SolutionProperties) = preSolution
		HideSolutionNode = FALSE
	EndGlobalSection
	GlobalSection(ExtensibilityGlobals) = postSolution
		SolutionGuid = {8F11A91E-9625-464B-BD18-80AA27CB1E2D}
	EndGlobalSection
EndGlobal
